
Microsoft Visual Studio Solution File, Format Version 12.00
# Visual Studio Version 16
VisualStudioVersion = 16.0.31410.357
MinimumVisualStudioVersion = 10.0.40219.1
Project("{8BC9CEB8-8B4A-11D0-8D11-00A0C91BC942}") = "NameDumper", "NameDumper\NameDumper.vcxproj", "{AB086DF4-BE97-4463-93B5-BE03A6A6B0D4}"
EndProject
Project("{8BC9CEB8-8B4A-11D0-8D11-00A0C91BC942}") = "LE1DebugModeUncrasher", "LE1DebugCamUncrasher\LE1DebugModeUncrasher.vcxproj", "{F533C752-B045-4347-90EF-D25EF80C028F}"
EndProject
Project("{8BC9CEB8-8B4A-11D0-8D11-00A0C91BC942}") = "LE1ProcessEventLogger", "LE1ProcessEventLogger\LE1ProcessEventLogger.vcxproj", "{A0D8B7E4-D7DA-43FF-AEE1-08C9103B2E18}"
EndProject
Project("{8BC9CEB8-8B4A-11D0-8D11-00A0C91BC942}") = "LE1AutoloadEnabler", "LE1AutoloadEnabler\LE1AutoloadEnabler.vcxproj", "{625BDC0C-E880-46C4-AFFF-4297F6C3BC84}"
EndProject
Project("{2150E333-8FDC-42A3-9474-1A3956D46DE8}") = "SDK", "SDK", "{C189E155-00AB-4275-8DCC-CDB38DAC60F5}"
EndProject
Project("{8BC9CEB8-8B4A-11D0-8D11-00A0C91BC942}") = "LE2SDK", "SDK\LE2SDK\LE2SDK.vcxproj", "{060896DA-DF2F-44BC-A05F-4B3058BF76C5}"
EndProject
Project("{2150E333-8FDC-42A3-9474-1A3956D46DE8}") = "LE2", "LE2", "{6C4F015C-E6A3-4141-9554-48A3038485BA}"
EndProject
Project("{8BC9CEB8-8B4A-11D0-8D11-00A0C91BC942}") = "LE2TestProject", "LE2TestProject\LE2TestProject.vcxproj", "{5B40C20D-3C9B-46C4-BA0C-BCF8CC20F0EB}"
EndProject
Project("{2150E333-8FDC-42A3-9474-1A3956D46DE8}") = "LE1", "LE1", "{3033A28D-397B-4B0A-A31D-424E1DE6D3B2}"
EndProject
Project("{8BC9CEB8-8B4A-11D0-8D11-00A0C91BC942}") = "LE3SDK", "SDK\LE3SDK\LE3SDK.vcxproj", "{AAB10677-28CA-48EB-BD9C-85943BDA9C1E}"
EndProject
Project("{2150E333-8FDC-42A3-9474-1A3956D46DE8}") = "LE3", "LE3", "{F550D659-0344-4103-B14D-3C0D33E19B87}"
EndProject
Project("{2150E333-8FDC-42A3-9474-1A3956D46DE8}") = "Any", "Any", "{6DE31A9E-7E00-4F1D-AF70-D37DEF674643}"
EndProject
Project("{8BC9CEB8-8B4A-11D0-8D11-00A0C91BC942}") = "LE3TestProject", "LE3TestProject\LE3TestProject.vcxproj", "{4D23B8ED-BAC9-47E8-83C7-4B92B9C8C746}"
EndProject
Project("{2150E333-8FDC-42A3-9474-1A3956D46DE8}") = "Projects", "Projects", "{0B70A990-C61D-4FAC-839C-65126B56CC85}"
EndProject
Project("{8BC9CEB8-8B4A-11D0-8D11-00A0C91BC942}") = "LE1SDK", "SDK\LE1SDK\LE1SDK.vcxproj", "{FC391EB2-ABE8-4F35-82B0-11C59A477683}"
EndProject
Project("{2150E333-8FDC-42A3-9474-1A3956D46DE8}") = "Shared", "Shared", "{0B3090EC-46FE-49C6-8072-74820FEE0179}"
	ProjectSection(SolutionItems) = preProject
		Common.h = Common.h
		Interface.h = Interface.h
	EndProjectSection
EndProject
Global
	GlobalSection(SolutionConfigurationPlatforms) = preSolution
		Debug|x64 = Debug|x64
		Debug|x86 = Debug|x86
		Release|x64 = Release|x64
		Release|x86 = Release|x86
	EndGlobalSection
	GlobalSection(ProjectConfigurationPlatforms) = postSolution
		{AB086DF4-BE97-4463-93B5-BE03A6A6B0D4}.Debug|x64.ActiveCfg = Debug|x64
		{AB086DF4-BE97-4463-93B5-BE03A6A6B0D4}.Debug|x64.Build.0 = Debug|x64
		{AB086DF4-BE97-4463-93B5-BE03A6A6B0D4}.Debug|x86.ActiveCfg = Debug|x64
		{AB086DF4-BE97-4463-93B5-BE03A6A6B0D4}.Release|x64.ActiveCfg = Release|x64
		{AB086DF4-BE97-4463-93B5-BE03A6A6B0D4}.Release|x64.Build.0 = Release|x64
		{AB086DF4-BE97-4463-93B5-BE03A6A6B0D4}.Release|x86.ActiveCfg = Release|x64
		{F533C752-B045-4347-90EF-D25EF80C028F}.Debug|x64.ActiveCfg = Debug|x64
		{F533C752-B045-4347-90EF-D25EF80C028F}.Debug|x64.Build.0 = Debug|x64
		{F533C752-B045-4347-90EF-D25EF80C028F}.Debug|x86.ActiveCfg = Debug|x64
		{F533C752-B045-4347-90EF-D25EF80C028F}.Release|x64.ActiveCfg = Release|x64
		{F533C752-B045-4347-90EF-D25EF80C028F}.Release|x64.Build.0 = Release|x64
		{F533C752-B045-4347-90EF-D25EF80C028F}.Release|x86.ActiveCfg = Release|x64
		{A0D8B7E4-D7DA-43FF-AEE1-08C9103B2E18}.Debug|x64.ActiveCfg = Debug|x64
		{A0D8B7E4-D7DA-43FF-AEE1-08C9103B2E18}.Debug|x64.Build.0 = Debug|x64
		{A0D8B7E4-D7DA-43FF-AEE1-08C9103B2E18}.Debug|x86.ActiveCfg = Debug|x64
		{A0D8B7E4-D7DA-43FF-AEE1-08C9103B2E18}.Release|x64.ActiveCfg = Release|x64
		{A0D8B7E4-D7DA-43FF-AEE1-08C9103B2E18}.Release|x64.Build.0 = Release|x64
		{A0D8B7E4-D7DA-43FF-AEE1-08C9103B2E18}.Release|x86.ActiveCfg = Release|x64
		{625BDC0C-E880-46C4-AFFF-4297F6C3BC84}.Debug|x64.ActiveCfg = Debug|x64
		{625BDC0C-E880-46C4-AFFF-4297F6C3BC84}.Debug|x64.Build.0 = Debug|x64
		{625BDC0C-E880-46C4-AFFF-4297F6C3BC84}.Debug|x86.ActiveCfg = Debug|x64
		{625BDC0C-E880-46C4-AFFF-4297F6C3BC84}.Release|x64.ActiveCfg = Release|x64
		{625BDC0C-E880-46C4-AFFF-4297F6C3BC84}.Release|x64.Build.0 = Release|x64
		{625BDC0C-E880-46C4-AFFF-4297F6C3BC84}.Release|x86.ActiveCfg = Release|x64
		{060896DA-DF2F-44BC-A05F-4B3058BF76C5}.Debug|x64.ActiveCfg = Debug|x64
		{060896DA-DF2F-44BC-A05F-4B3058BF76C5}.Debug|x64.Build.0 = Debug|x64
		{060896DA-DF2F-44BC-A05F-4B3058BF76C5}.Debug|x86.ActiveCfg = Debug|x64
		{060896DA-DF2F-44BC-A05F-4B3058BF76C5}.Release|x64.ActiveCfg = Release|x64
		{060896DA-DF2F-44BC-A05F-4B3058BF76C5}.Release|x64.Build.0 = Release|x64
		{060896DA-DF2F-44BC-A05F-4B3058BF76C5}.Release|x86.ActiveCfg = Release|x64
		{5B40C20D-3C9B-46C4-BA0C-BCF8CC20F0EB}.Debug|x64.ActiveCfg = Debug|x64
		{5B40C20D-3C9B-46C4-BA0C-BCF8CC20F0EB}.Debug|x64.Build.0 = Debug|x64
		{5B40C20D-3C9B-46C4-BA0C-BCF8CC20F0EB}.Debug|x86.ActiveCfg = Debug|x64
		{5B40C20D-3C9B-46C4-BA0C-BCF8CC20F0EB}.Release|x64.ActiveCfg = Release|x64
		{5B40C20D-3C9B-46C4-BA0C-BCF8CC20F0EB}.Release|x64.Build.0 = Release|x64
		{5B40C20D-3C9B-46C4-BA0C-BCF8CC20F0EB}.Release|x86.ActiveCfg = Release|x64
		{AAB10677-28CA-48EB-BD9C-85943BDA9C1E}.Debug|x64.ActiveCfg = Debug|x64
		{AAB10677-28CA-48EB-BD9C-85943BDA9C1E}.Debug|x64.Build.0 = Debug|x64
		{AAB10677-28CA-48EB-BD9C-85943BDA9C1E}.Debug|x86.ActiveCfg = Debug|x64
		{AAB10677-28CA-48EB-BD9C-85943BDA9C1E}.Release|x64.ActiveCfg = Release|x64
		{AAB10677-28CA-48EB-BD9C-85943BDA9C1E}.Release|x64.Build.0 = Release|x64
		{AAB10677-28CA-48EB-BD9C-85943BDA9C1E}.Release|x86.ActiveCfg = Release|x64
		{4D23B8ED-BAC9-47E8-83C7-4B92B9C8C746}.Debug|x64.ActiveCfg = Debug|x64
		{4D23B8ED-BAC9-47E8-83C7-4B92B9C8C746}.Debug|x64.Build.0 = Debug|x64
		{4D23B8ED-BAC9-47E8-83C7-4B92B9C8C746}.Debug|x86.ActiveCfg = Debug|Win32
		{4D23B8ED-BAC9-47E8-83C7-4B92B9C8C746}.Debug|x86.Build.0 = Debug|Win32
		{4D23B8ED-BAC9-47E8-83C7-4B92B9C8C746}.Release|x64.ActiveCfg = Release|x64
		{4D23B8ED-BAC9-47E8-83C7-4B92B9C8C746}.Release|x64.Build.0 = Release|x64
		{4D23B8ED-BAC9-47E8-83C7-4B92B9C8C746}.Release|x86.ActiveCfg = Release|Win32
		{4D23B8ED-BAC9-47E8-83C7-4B92B9C8C746}.Release|x86.Build.0 = Release|Win32
		{FC391EB2-ABE8-4F35-82B0-11C59A477683}.Debug|x64.ActiveCfg = Debug|x64
		{FC391EB2-ABE8-4F35-82B0-11C59A477683}.Debug|x64.Build.0 = Debug|x64
		{FC391EB2-ABE8-4F35-82B0-11C59A477683}.Debug|x86.ActiveCfg = Debug|Win32
		{FC391EB2-ABE8-4F35-82B0-11C59A477683}.Debug|x86.Build.0 = Debug|Win32
		{FC391EB2-ABE8-4F35-82B0-11C59A477683}.Release|x64.ActiveCfg = Release|x64
		{FC391EB2-ABE8-4F35-82B0-11C59A477683}.Release|x64.Build.0 = Release|x64
		{FC391EB2-ABE8-4F35-82B0-11C59A477683}.Release|x86.ActiveCfg = Release|Win32
		{FC391EB2-ABE8-4F35-82B0-11C59A477683}.Release|x86.Build.0 = Release|Win32
	EndGlobalSection
	GlobalSection(SolutionProperties) = preSolution
		HideSolutionNode = FALSE
	EndGlobalSection
	GlobalSection(NestedProjects) = preSolution
		{AB086DF4-BE97-4463-93B5-BE03A6A6B0D4} = {6DE31A9E-7E00-4F1D-AF70-D37DEF674643}
		{F533C752-B045-4347-90EF-D25EF80C028F} = {3033A28D-397B-4B0A-A31D-424E1DE6D3B2}
		{A0D8B7E4-D7DA-43FF-AEE1-08C9103B2E18} = {3033A28D-397B-4B0A-A31D-424E1DE6D3B2}
		{625BDC0C-E880-46C4-AFFF-4297F6C3BC84} = {3033A28D-397B-4B0A-A31D-424E1DE6D3B2}
		{060896DA-DF2F-44BC-A05F-4B3058BF76C5} = {C189E155-00AB-4275-8DCC-CDB38DAC60F5}
		{6C4F015C-E6A3-4141-9554-48A3038485BA} = {0B70A990-C61D-4FAC-839C-65126B56CC85}
		{5B40C20D-3C9B-46C4-BA0C-BCF8CC20F0EB} = {6C4F015C-E6A3-4141-9554-48A3038485BA}
		{3033A28D-397B-4B0A-A31D-424E1DE6D3B2} = {0B70A990-C61D-4FAC-839C-65126B56CC85}
		{AAB10677-28CA-48EB-BD9C-85943BDA9C1E} = {C189E155-00AB-4275-8DCC-CDB38DAC60F5}
		{F550D659-0344-4103-B14D-3C0D33E19B87} = {0B70A990-C61D-4FAC-839C-65126B56CC85}
		{6DE31A9E-7E00-4F1D-AF70-D37DEF674643} = {0B70A990-C61D-4FAC-839C-65126B56CC85}
		{4D23B8ED-BAC9-47E8-83C7-4B92B9C8C746} = {F550D659-0344-4103-B14D-3C0D33E19B87}
		{FC391EB2-ABE8-4F35-82B0-11C59A477683} = {C189E155-00AB-4275-8DCC-CDB38DAC60F5}
		{0B3090EC-46FE-49C6-8072-74820FEE0179} = {0B70A990-C61D-4FAC-839C-65126B56CC85}
	EndGlobalSection
	GlobalSection(ExtensibilityGlobals) = postSolution
		SolutionGuid = {8E942D9B-6F34-46F0-8633-C5DA326F4C30}
	EndGlobalSection
EndGlobal
